
Microsoft Visual Studio Solution File, Format Version 12.00
# Visual Studio Version 17
VisualStudioVersion = 17.5.33530.505
MinimumVisualStudioVersion = 10.0.40219.1
Project("{FAE04EC0-301F-11D3-BF4B-00C04F79EFBC}") = "Exercicio", "Exercicio\Exercicio.csproj", "{4E617EFA-B514-4DB2-BCA6-201BDDE67983}"
EndProject
Global
	GlobalSection(SolutionConfigurationPlatforms) = preSolution
		Debug|Any CPU = Debug|Any CPU
		Release|Any CPU = Release|Any CPU
	EndGlobalSection
	GlobalSection(ProjectConfigurationPlatforms) = postSolution
		{4E617EFA-B514-4DB2-BCA6-201BDDE67983}.Debug|Any CPU.ActiveCfg = Debug|Any CPU
		{4E617EFA-B514-4DB2-BCA6-201BDDE67983}.Debug|Any CPU.Build.0 = Debug|Any CPU
		{4E617EFA-B514-4DB2-BCA6-201BDDE67983}.Release|Any CPU.ActiveCfg = Release|Any CPU
		{4E617EFA-B514-4DB2-BCA6-201BDDE67983}.Release|Any CPU.Build.0 = Release|Any CPU
	EndGlobalSection
	GlobalSection(SolutionProperties) = preSolution
		HideSolutionNode = FALSE
	EndGlobalSection
	GlobalSection(ExtensibilityGlobals) = postSolution
		SolutionGuid = {0690C6BB-3771-46FC-AF59-D60B4EA15C6F}
	EndGlobalSection
EndGlobal
